
Microsoft Visual Studio Solution File, Format Version 12.00
# Visual Studio 15
VisualStudioVersion = 15.0.28307.329
MinimumVisualStudioVersion = 10.0.40219.1
Project("{54435603-DBB4-11D2-8724-00A0C9A8B90C}") = "DateCalculatorInstaller", "DateCalculatorInstaller\DateCalculatorInstaller.vdproj", "{42E99C8C-D8A7-4288-A0CF-2BEF32F5ACC2}"
EndProject
Project("{FAE04EC0-301F-11D3-BF4B-00C04F79EFBC}") = "DateCalculator", "..\DateCalculator\DateCalculator\DateCalculator\DateCalculator.csproj", "{C691F5B0-858A-4F0C-B9FA-8F0D92E9B672}"
EndProject
Project("{2150E333-8FDC-42A3-9474-1A3956D46DE8}") = "Icon", "Icon", "{CC3BC395-CE30-4452-A8B7-0D945D829FEF}"
	ProjectSection(SolutionItems) = preProject
		..\..\..\Downloads\GB Art.ico = ..\..\..\Downloads\GB Art.ico
	EndProjectSection
EndProject
Global
	GlobalSection(SolutionConfigurationPlatforms) = preSolution
		Debug|Any CPU = Debug|Any CPU
		Release|Any CPU = Release|Any CPU
	EndGlobalSection
	GlobalSection(ProjectConfigurationPlatforms) = postSolution
		{42E99C8C-D8A7-4288-A0CF-2BEF32F5ACC2}.Debug|Any CPU.ActiveCfg = Debug
		{42E99C8C-D8A7-4288-A0CF-2BEF32F5ACC2}.Debug|Any CPU.Build.0 = Debug
		{42E99C8C-D8A7-4288-A0CF-2BEF32F5ACC2}.Release|Any CPU.ActiveCfg = Release
		{42E99C8C-D8A7-4288-A0CF-2BEF32F5ACC2}.Release|Any CPU.Build.0 = Release
		{C691F5B0-858A-4F0C-B9FA-8F0D92E9B672}.Debug|Any CPU.ActiveCfg = Debug|Any CPU
		{C691F5B0-858A-4F0C-B9FA-8F0D92E9B672}.Debug|Any CPU.Build.0 = Debug|Any CPU
		{C691F5B0-858A-4F0C-B9FA-8F0D92E9B672}.Release|Any CPU.ActiveCfg = Release|Any CPU
		{C691F5B0-858A-4F0C-B9FA-8F0D92E9B672}.Release|Any CPU.Build.0 = Release|Any CPU
	EndGlobalSection
	GlobalSection(SolutionProperties) = preSolution
		HideSolutionNode = FALSE
	EndGlobalSection
	GlobalSection(ExtensibilityGlobals) = postSolution
		SolutionGuid = {43924936-D7CF-44ED-B328-883743F70568}
	EndGlobalSection
EndGlobal
